// !$*UTF8*$!
{
	archiveVersion = 1;
	classes = {
	};
	objectVersion = 55;
	objects = {

/* Begin PBXBuildFile section */
		486090FD27B712D40018E5F3 /* CreditsView.swift in Sources */ = {isa = PBXBuildFile; fileRef = 486090FC27B712D40018E5F3 /* CreditsView.swift */; };
		4860910027B713700018E5F3 /* HeaderView.swift in Sources */ = {isa = PBXBuildFile; fileRef = 486090FF27B713700018E5F3 /* HeaderView.swift */; };
		4860910227B71AA50018E5F3 /* SettingsView.swift in Sources */ = {isa = PBXBuildFile; fileRef = 4860910127B71AA40018E5F3 /* SettingsView.swift */; };
		48C17BED27B6EC43009B7B15 /* Notes WatchKit App.app in Embed Watch Content */ = {isa = PBXBuildFile; fileRef = 48C17BEC27B6EC43009B7B15 /* Notes WatchKit App.app */; settings = {ATTRIBUTES = (RemoveHeadersOnCopy, ); }; };
		48C17BF227B6EC46009B7B15 /* Assets.xcassets in Resources */ = {isa = PBXBuildFile; fileRef = 48C17BF127B6EC46009B7B15 /* Assets.xcassets */; };
		48C17BF827B6EC46009B7B15 /* Notes WatchKit Extension.appex in Embed App Extensions */ = {isa = PBXBuildFile; fileRef = 48C17BF727B6EC46009B7B15 /* Notes WatchKit Extension.appex */; settings = {ATTRIBUTES = (RemoveHeadersOnCopy, ); }; };
		48C17BFD27B6EC46009B7B15 /* ContentView.swift in Sources */ = {isa = PBXBuildFile; fileRef = 48C17BFC27B6EC46009B7B15 /* ContentView.swift */; };
		48C17BFF27B6EC46009B7B15 /* NotesApp.swift in Sources */ = {isa = PBXBuildFile; fileRef = 48C17BFE27B6EC46009B7B15 /* NotesApp.swift */; };
		48C17C0127B6EC46009B7B15 /* ComplicationController.swift in Sources */ = {isa = PBXBuildFile; fileRef = 48C17C0027B6EC46009B7B15 /* ComplicationController.swift */; };
		48C17C0327B6EC47009B7B15 /* Assets.xcassets in Resources */ = {isa = PBXBuildFile; fileRef = 48C17C0227B6EC47009B7B15 /* Assets.xcassets */; };
		48C17C0627B6EC47009B7B15 /* Preview Assets.xcassets in Resources */ = {isa = PBXBuildFile; fileRef = 48C17C0527B6EC47009B7B15 /* Preview Assets.xcassets */; };
		48C17C1827B6F2EF009B7B15 /* Note.swift in Sources */ = {isa = PBXBuildFile; fileRef = 48C17C1727B6F2EE009B7B15 /* Note.swift */; };
		48C17C1A27B70B8A009B7B15 /* DetailView.swift in Sources */ = {isa = PBXBuildFile; fileRef = 48C17C1927B70B8A009B7B15 /* DetailView.swift */; };
/* End PBXBuildFile section */

/* Begin PBXContainerItemProxy section */
		48C17BEE27B6EC43009B7B15 /* PBXContainerItemProxy */ = {
			isa = PBXContainerItemProxy;
			containerPortal = 48C17BE227B6EC43009B7B15 /* Project object */;
			proxyType = 1;
			remoteGlobalIDString = 48C17BEB27B6EC43009B7B15;
			remoteInfo = "Notes WatchKit App";
		};
		48C17BF927B6EC46009B7B15 /* PBXContainerItemProxy */ = {
			isa = PBXContainerItemProxy;
			containerPortal = 48C17BE227B6EC43009B7B15 /* Project object */;
			proxyType = 1;
			remoteGlobalIDString = 48C17BF627B6EC46009B7B15;
			remoteInfo = "Notes WatchKit Extension";
		};
/* End PBXContainerItemProxy section */

/* Begin PBXCopyFilesBuildPhase section */
		48C17C0D27B6EC47009B7B15 /* Embed App Extensions */ = {
			isa = PBXCopyFilesBuildPhase;
			buildActionMask = 2147483647;
			dstPath = "";
			dstSubfolderSpec = 13;
			files = (
				48C17BF827B6EC46009B7B15 /* Notes WatchKit Extension.appex in Embed App Extensions */,
			);
			name = "Embed App Extensions";
			runOnlyForDeploymentPostprocessing = 0;
		};
		48C17C1127B6EC47009B7B15 /* Embed Watch Content */ = {
			isa = PBXCopyFilesBuildPhase;
			buildActionMask = 2147483647;
			dstPath = "$(CONTENTS_FOLDER_PATH)/Watch";
			dstSubfolderSpec = 16;
			files = (
				48C17BED27B6EC43009B7B15 /* Notes WatchKit App.app in Embed Watch Content */,
			);
			name = "Embed Watch Content";
			runOnlyForDeploymentPostprocessing = 0;
		};
/* End PBXCopyFilesBuildPhase section */

/* Begin PBXFileReference section */
		486090FC27B712D40018E5F3 /* CreditsView.swift */ = {isa = PBXFileReference; lastKnownFileType = sourcecode.swift; path = CreditsView.swift; sourceTree = "<group>"; };
		486090FF27B713700018E5F3 /* HeaderView.swift */ = {isa = PBXFileReference; lastKnownFileType = sourcecode.swift; path = HeaderView.swift; sourceTree = "<group>"; };
		4860910127B71AA40018E5F3 /* SettingsView.swift */ = {isa = PBXFileReference; lastKnownFileType = sourcecode.swift; path = SettingsView.swift; sourceTree = "<group>"; };
		48C17BE827B6EC43009B7B15 /* Notes.app */ = {isa = PBXFileReference; explicitFileType = wrapper.application; includeInIndex = 0; path = Notes.app; sourceTree = BUILT_PRODUCTS_DIR; };
		48C17BEC27B6EC43009B7B15 /* Notes WatchKit App.app */ = {isa = PBXFileReference; explicitFileType = wrapper.application; includeInIndex = 0; path = "Notes WatchKit App.app"; sourceTree = BUILT_PRODUCTS_DIR; };
		48C17BF127B6EC46009B7B15 /* Assets.xcassets */ = {isa = PBXFileReference; lastKnownFileType = folder.assetcatalog; path = Assets.xcassets; sourceTree = "<group>"; };
		48C17BF727B6EC46009B7B15 /* Notes WatchKit Extension.appex */ = {isa = PBXFileReference; explicitFileType = "wrapper.app-extension"; includeInIndex = 0; path = "Notes WatchKit Extension.appex"; sourceTree = BUILT_PRODUCTS_DIR; };
		48C17BFC27B6EC46009B7B15 /* ContentView.swift */ = {isa = PBXFileReference; lastKnownFileType = sourcecode.swift; path = ContentView.swift; sourceTree = "<group>"; };
		48C17BFE27B6EC46009B7B15 /* NotesApp.swift */ = {isa = PBXFileReference; lastKnownFileType = sourcecode.swift; path = NotesApp.swift; sourceTree = "<group>"; };
		48C17C0027B6EC46009B7B15 /* ComplicationController.swift */ = {isa = PBXFileReference; lastKnownFileType = sourcecode.swift; path = ComplicationController.swift; sourceTree = "<group>"; };
		48C17C0227B6EC47009B7B15 /* Assets.xcassets */ = {isa = PBXFileReference; lastKnownFileType = folder.assetcatalog; path = Assets.xcassets; sourceTree = "<group>"; };
		48C17C0527B6EC47009B7B15 /* Preview Assets.xcassets */ = {isa = PBXFileReference; lastKnownFileType = folder.assetcatalog; path = "Preview Assets.xcassets"; sourceTree = "<group>"; };
		48C17C0727B6EC47009B7B15 /* Info.plist */ = {isa = PBXFileReference; lastKnownFileType = text.plist.xml; path = Info.plist; sourceTree = "<group>"; };
		48C17C1727B6F2EE009B7B15 /* Note.swift */ = {isa = PBXFileReference; lastKnownFileType = sourcecode.swift; path = Note.swift; sourceTree = "<group>"; };
		48C17C1927B70B8A009B7B15 /* DetailView.swift */ = {isa = PBXFileReference; lastKnownFileType = sourcecode.swift; path = DetailView.swift; sourceTree = "<group>"; };
/* End PBXFileReference section */

/* Begin PBXFrameworksBuildPhase section */
		48C17BF427B6EC46009B7B15 /* Frameworks */ = {
			isa = PBXFrameworksBuildPhase;
			buildActionMask = 2147483647;
			files = (
			);
			runOnlyForDeploymentPostprocessing = 0;
		};
/* End PBXFrameworksBuildPhase section */

/* Begin PBXGroup section */
		486090FE27B7135C0018E5F3 /* Component */ = {
			isa = PBXGroup;
			children = (
				486090FF27B713700018E5F3 /* HeaderView.swift */,
			);
			path = Component;
			sourceTree = "<group>";
		};
		48C17BE127B6EC43009B7B15 = {
			isa = PBXGroup;
			children = (
				48C17BF027B6EC43009B7B15 /* Notes WatchKit App */,
				48C17BFB27B6EC46009B7B15 /* Notes WatchKit Extension */,
				48C17BE927B6EC43009B7B15 /* Products */,
			);
			sourceTree = "<group>";
		};
		48C17BE927B6EC43009B7B15 /* Products */ = {
			isa = PBXGroup;
			children = (
				48C17BE827B6EC43009B7B15 /* Notes.app */,
				48C17BEC27B6EC43009B7B15 /* Notes WatchKit App.app */,
				48C17BF727B6EC46009B7B15 /* Notes WatchKit Extension.appex */,
			);
			name = Products;
			sourceTree = "<group>";
		};
		48C17BF027B6EC43009B7B15 /* Notes WatchKit App */ = {
			isa = PBXGroup;
			children = (
				48C17BF127B6EC46009B7B15 /* Assets.xcassets */,
			);
			path = "Notes WatchKit App";
			sourceTree = "<group>";
		};
		48C17BFB27B6EC46009B7B15 /* Notes WatchKit Extension */ = {
			isa = PBXGroup;
			children = (
				486090FE27B7135C0018E5F3 /* Component */,
				48C17C1627B6F2DB009B7B15 /* Model */,
				48C17C1527B6F2B5009B7B15 /* View */,
				48C17BFE27B6EC46009B7B15 /* NotesApp.swift */,
				48C17C0027B6EC46009B7B15 /* ComplicationController.swift */,
				48C17C0227B6EC47009B7B15 /* Assets.xcassets */,
				48C17C0727B6EC47009B7B15 /* Info.plist */,
				48C17C0427B6EC47009B7B15 /* Preview Content */,
			);
			path = "Notes WatchKit Extension";
			sourceTree = "<group>";
		};
		48C17C0427B6EC47009B7B15 /* Preview Content */ = {
			isa = PBXGroup;
			children = (
				48C17C0527B6EC47009B7B15 /* Preview Assets.xcassets */,
			);
			path = "Preview Content";
			sourceTree = "<group>";
		};
		48C17C1527B6F2B5009B7B15 /* View */ = {
			isa = PBXGroup;
			children = (
				48C17BFC27B6EC46009B7B15 /* ContentView.swift */,
				48C17C1927B70B8A009B7B15 /* DetailView.swift */,
				486090FC27B712D40018E5F3 /* CreditsView.swift */,
				4860910127B71AA40018E5F3 /* SettingsView.swift */,
			);
			path = View;
			sourceTree = "<group>";
		};
		48C17C1627B6F2DB009B7B15 /* Model */ = {
			isa = PBXGroup;
			children = (
				48C17C1727B6F2EE009B7B15 /* Note.swift */,
			);
			path = Model;
			sourceTree = "<group>";
		};
/* End PBXGroup section */

/* Begin PBXNativeTarget section */
		48C17BE727B6EC43009B7B15 /* Notes */ = {
			isa = PBXNativeTarget;
			buildConfigurationList = 48C17C1227B6EC47009B7B15 /* Build configuration list for PBXNativeTarget "Notes" */;
			buildPhases = (
				48C17BE627B6EC43009B7B15 /* Resources */,
				48C17C1127B6EC47009B7B15 /* Embed Watch Content */,
			);
			buildRules = (
			);
			dependencies = (
				48C17BEF27B6EC43009B7B15 /* PBXTargetDependency */,
			);
			name = Notes;
			productName = Notes;
			productReference = 48C17BE827B6EC43009B7B15 /* Notes.app */;
			productType = "com.apple.product-type.application.watchapp2-container";
		};
		48C17BEB27B6EC43009B7B15 /* Notes WatchKit App */ = {
			isa = PBXNativeTarget;
			buildConfigurationList = 48C17C0E27B6EC47009B7B15 /* Build configuration list for PBXNativeTarget "Notes WatchKit App" */;
			buildPhases = (
				48C17BEA27B6EC43009B7B15 /* Resources */,
				48C17C0D27B6EC47009B7B15 /* Embed App Extensions */,
			);
			buildRules = (
			);
			dependencies = (
				48C17BFA27B6EC46009B7B15 /* PBXTargetDependency */,
			);
			name = "Notes WatchKit App";
			productName = "Notes WatchKit App";
			productReference = 48C17BEC27B6EC43009B7B15 /* Notes WatchKit App.app */;
			productType = "com.apple.product-type.application.watchapp2";
		};
		48C17BF627B6EC46009B7B15 /* Notes WatchKit Extension */ = {
			isa = PBXNativeTarget;
			buildConfigurationList = 48C17C0A27B6EC47009B7B15 /* Build configuration list for PBXNativeTarget "Notes WatchKit Extension" */;
			buildPhases = (
				48C17BF327B6EC46009B7B15 /* Sources */,
				48C17BF427B6EC46009B7B15 /* Frameworks */,
				48C17BF527B6EC46009B7B15 /* Resources */,
			);
			buildRules = (
			);
			dependencies = (
			);
			name = "Notes WatchKit Extension";
			productName = "Notes WatchKit Extension";
			productReference = 48C17BF727B6EC46009B7B15 /* Notes WatchKit Extension.appex */;
			productType = "com.apple.product-type.watchkit2-extension";
		};
/* End PBXNativeTarget section */

/* Begin PBXProject section */
		48C17BE227B6EC43009B7B15 /* Project object */ = {
			isa = PBXProject;
			attributes = {
				BuildIndependentTargetsInParallel = 1;
				LastSwiftUpdateCheck = 1320;
				LastUpgradeCheck = 1320;
				TargetAttributes = {
					48C17BE727B6EC43009B7B15 = {
						CreatedOnToolsVersion = 13.2.1;
					};
					48C17BEB27B6EC43009B7B15 = {
						CreatedOnToolsVersion = 13.2.1;
					};
					48C17BF627B6EC46009B7B15 = {
						CreatedOnToolsVersion = 13.2.1;
					};
				};
			};
			buildConfigurationList = 48C17BE527B6EC43009B7B15 /* Build configuration list for PBXProject "Notes" */;
			compatibilityVersion = "Xcode 13.0";
			developmentRegion = en;
			hasScannedForEncodings = 0;
			knownRegions = (
				en,
				Base,
			);
			mainGroup = 48C17BE127B6EC43009B7B15;
			productRefGroup = 48C17BE927B6EC43009B7B15 /* Products */;
			projectDirPath = "";
			projectRoot = "";
			targets = (
				48C17BE727B6EC43009B7B15 /* Notes */,
				48C17BEB27B6EC43009B7B15 /* Notes WatchKit App */,
				48C17BF627B6EC46009B7B15 /* Notes WatchKit Extension */,
			);
		};
/* End PBXProject section */

/* Begin PBXResourcesBuildPhase section */
		48C17BE627B6EC43009B7B15 /* Resources */ = {
			isa = PBXResourcesBuildPhase;
			buildActionMask = 2147483647;
			files = (
			);
			runOnlyForDeploymentPostprocessing = 0;
		};
		48C17BEA27B6EC43009B7B15 /* Resources */ = {
			isa = PBXResourcesBuildPhase;
			buildActionMask = 2147483647;
			files = (
				48C17BF227B6EC46009B7B15 /* Assets.xcassets in Resources */,
			);
			runOnlyForDeploymentPostprocessing = 0;
		};
		48C17BF527B6EC46009B7B15 /* Resources */ = {
			isa = PBXResourcesBuildPhase;
			buildActionMask = 2147483647;
			files = (
				48C17C0627B6EC47009B7B15 /* Preview Assets.xcassets in Resources */,
				48C17C0327B6EC47009B7B15 /* Assets.xcassets in Resources */,
			);
			runOnlyForDeploymentPostprocessing = 0;
		};
/* End PBXResourcesBuildPhase section */

/* Begin PBXSourcesBuildPhase section */
		48C17BF327B6EC46009B7B15 /* Sources */ = {
			isa = PBXSourcesBuildPhase;
			buildActionMask = 2147483647;
			files = (
				48C17BFD27B6EC46009B7B15 /* ContentView.swift in Sources */,
				4860910227B71AA50018E5F3 /* SettingsView.swift in Sources */,
				48C17BFF27B6EC46009B7B15 /* NotesApp.swift in Sources */,
				48C17C0127B6EC46009B7B15 /* ComplicationController.swift in Sources */,
				486090FD27B712D40018E5F3 /* CreditsView.swift in Sources */,
				48C17C1A27B70B8A009B7B15 /* DetailView.swift in Sources */,
				48C17C1827B6F2EF009B7B15 /* Note.swift in Sources */,
				4860910027B713700018E5F3 /* HeaderView.swift in Sources */,
			);
			runOnlyForDeploymentPostprocessing = 0;
		};
/* End PBXSourcesBuildPhase section */

/* Begin PBXTargetDependency section */
		48C17BEF27B6EC43009B7B15 /* PBXTargetDependency */ = {
			isa = PBXTargetDependency;
			target = 48C17BEB27B6EC43009B7B15 /* Notes WatchKit App */;
			targetProxy = 48C17BEE27B6EC43009B7B15 /* PBXContainerItemProxy */;
		};
		48C17BFA27B6EC46009B7B15 /* PBXTargetDependency */ = {
			isa = PBXTargetDependency;
			target = 48C17BF627B6EC46009B7B15 /* Notes WatchKit Extension */;
			targetProxy = 48C17BF927B6EC46009B7B15 /* PBXContainerItemProxy */;
		};
/* End PBXTargetDependency section */

/* Begin XCBuildConfiguration section */
		48C17C0827B6EC47009B7B15 /* Debug */ = {
			isa = XCBuildConfiguration;
			buildSettings = {
				ALWAYS_SEARCH_USER_PATHS = NO;
				CLANG_ANALYZER_NONNULL = YES;
				CLANG_ANALYZER_NUMBER_OBJECT_CONVERSION = YES_AGGRESSIVE;
				CLANG_CXX_LANGUAGE_STANDARD = "gnu++17";
				CLANG_CXX_LIBRARY = "libc++";
				CLANG_ENABLE_MODULES = YES;
				CLANG_ENABLE_OBJC_ARC = YES;
				CLANG_ENABLE_OBJC_WEAK = YES;
				CLANG_WARN_BLOCK_CAPTURE_AUTORELEASING = YES;
				CLANG_WARN_BOOL_CONVERSION = YES;
				CLANG_WARN_COMMA = YES;
				CLANG_WARN_CONSTANT_CONVERSION = YES;
				CLANG_WARN_DEPRECATED_OBJC_IMPLEMENTATIONS = YES;
				CLANG_WARN_DIRECT_OBJC_ISA_USAGE = YES_ERROR;
				CLANG_WARN_DOCUMENTATION_COMMENTS = YES;
				CLANG_WARN_EMPTY_BODY = YES;
				CLANG_WARN_ENUM_CONVERSION = YES;
				CLANG_WARN_INFINITE_RECURSION = YES;
				CLANG_WARN_INT_CONVERSION = YES;
				CLANG_WARN_NON_LITERAL_NULL_CONVERSION = YES;
				CLANG_WARN_OBJC_IMPLICIT_RETAIN_SELF = YES;
				CLANG_WARN_OBJC_LITERAL_CONVERSION = YES;
				CLANG_WARN_OBJC_ROOT_CLASS = YES_ERROR;
				CLANG_WARN_QUOTED_INCLUDE_IN_FRAMEWORK_HEADER = YES;
				CLANG_WARN_RANGE_LOOP_ANALYSIS = YES;
				CLANG_WARN_STRICT_PROTOTYPES = YES;
				CLANG_WARN_SUSPICIOUS_MOVE = YES;
				CLANG_WARN_UNGUARDED_AVAILABILITY = YES_AGGRESSIVE;
				CLANG_WARN_UNREACHABLE_CODE = YES;
				CLANG_WARN__DUPLICATE_METHOD_MATCH = YES;
				COPY_PHASE_STRIP = NO;
				DEBUG_INFORMATION_FORMAT = dwarf;
				ENABLE_STRICT_OBJC_MSGSEND = YES;
				ENABLE_TESTABILITY = YES;
				GCC_C_LANGUAGE_STANDARD = gnu11;
				GCC_DYNAMIC_NO_PIC = NO;
				GCC_NO_COMMON_BLOCKS = YES;
				GCC_OPTIMIZATION_LEVEL = 0;
				GCC_PREPROCESSOR_DEFINITIONS = (
					"DEBUG=1",
					"$(inherited)",
				);
				GCC_WARN_64_TO_32_BIT_CONVERSION = YES;
				GCC_WARN_ABOUT_RETURN_TYPE = YES_ERROR;
				GCC_WARN_UNDECLARED_SELECTOR = YES;
				GCC_WARN_UNINITIALIZED_AUTOS = YES_AGGRESSIVE;
				GCC_WARN_UNUSED_FUNCTION = YES;
				GCC_WARN_UNUSED_VARIABLE = YES;
				MTL_ENABLE_DEBUG_INFO = INCLUDE_SOURCE;
				MTL_FAST_MATH = YES;
				ONLY_ACTIVE_ARCH = YES;
				SDKROOT = iphoneos;
				SWIFT_ACTIVE_COMPILATION_CONDITIONS = DEBUG;
				SWIFT_OPTIMIZATION_LEVEL = "-Onone";
			};
			name = Debug;
		};
		48C17C0927B6EC47009B7B15 /* Release */ = {
			isa = XCBuildConfiguration;
			buildSettings = {
				ALWAYS_SEARCH_USER_PATHS = NO;
				CLANG_ANALYZER_NONNULL = YES;
				CLANG_ANALYZER_NUMBER_OBJECT_CONVERSION = YES_AGGRESSIVE;
				CLANG_CXX_LANGUAGE_STANDARD = "gnu++17";
				CLANG_CXX_LIBRARY = "libc++";
				CLANG_ENABLE_MODULES = YES;
				CLANG_ENABLE_OBJC_ARC = YES;
				CLANG_ENABLE_OBJC_WEAK = YES;
				CLANG_WARN_BLOCK_CAPTURE_AUTORELEASING = YES;
				CLANG_WARN_BOOL_CONVERSION = YES;
				CLANG_WARN_COMMA = YES;
				CLANG_WARN_CONSTANT_CONVERSION = YES;
				CLANG_WARN_DEPRECATED_OBJC_IMPLEMENTATIONS = YES;
				CLANG_WARN_DIRECT_OBJC_ISA_USAGE = YES_ERROR;
				CLANG_WARN_DOCUMENTATION_COMMENTS = YES;
				CLANG_WARN_EMPTY_BODY = YES;
				CLANG_WARN_ENUM_CONVERSION = YES;
				CLANG_WARN_INFINITE_RECURSION = YES;
				CLANG_WARN_INT_CONVERSION = YES;
				CLANG_WARN_NON_LITERAL_NULL_CONVERSION = YES;
				CLANG_WARN_OBJC_IMPLICIT_RETAIN_SELF = YES;
				CLANG_WARN_OBJC_LITERAL_CONVERSION = YES;
				CLANG_WARN_OBJC_ROOT_CLASS = YES_ERROR;
				CLANG_WARN_QUOTED_INCLUDE_IN_FRAMEWORK_HEADER = YES;
				CLANG_WARN_RANGE_LOOP_ANALYSIS = YES;
				CLANG_WARN_STRICT_PROTOTYPES = YES;
				CLANG_WARN_SUSPICIOUS_MOVE = YES;
				CLANG_WARN_UNGUARDED_AVAILABILITY = YES_AGGRESSIVE;
				CLANG_WARN_UNREACHABLE_CODE = YES;
				CLANG_WARN__DUPLICATE_METHOD_MATCH = YES;
				COPY_PHASE_STRIP = NO;
				DEBUG_INFORMATION_FORMAT = "dwarf-with-dsym";
				ENABLE_NS_ASSERTIONS = NO;
				ENABLE_STRICT_OBJC_MSGSEND = YES;
				GCC_C_LANGUAGE_STANDARD = gnu11;
				GCC_NO_COMMON_BLOCKS = YES;
				GCC_WARN_64_TO_32_BIT_CONVERSION = YES;
				GCC_WARN_ABOUT_RETURN_TYPE = YES_ERROR;
				GCC_WARN_UNDECLARED_SELECTOR = YES;
				GCC_WARN_UNINITIALIZED_AUTOS = YES_AGGRESSIVE;
				GCC_WARN_UNUSED_FUNCTION = YES;
				GCC_WARN_UNUSED_VARIABLE = YES;
				MTL_ENABLE_DEBUG_INFO = NO;
				MTL_FAST_MATH = YES;
				SDKROOT = iphoneos;
				SWIFT_COMPILATION_MODE = wholemodule;
				SWIFT_OPTIMIZATION_LEVEL = "-O";
				VALIDATE_PRODUCT = YES;
			};
			name = Release;
		};
		48C17C0B27B6EC47009B7B15 /* Debug */ = {
			isa = XCBuildConfiguration;
			buildSettings = {
				ASSETCATALOG_COMPILER_COMPLICATION_NAME = Complication;
				CODE_SIGN_STYLE = Automatic;
				CURRENT_PROJECT_VERSION = 1;
				DEVELOPMENT_ASSET_PATHS = "\"Notes WatchKit Extension/Preview Content\"";
				DEVELOPMENT_TEAM = ZBF43T73Y4;
				ENABLE_PREVIEWS = YES;
				GENERATE_INFOPLIST_FILE = YES;
				INFOPLIST_FILE = "Notes WatchKit Extension/Info.plist";
				INFOPLIST_KEY_CFBundleDisplayName = "Notes WatchKit Extension";
				INFOPLIST_KEY_CLKComplicationPrincipalClass = "$(PRODUCT_MODULE_NAME).ComplicationController";
				INFOPLIST_KEY_NSHumanReadableCopyright = "";
				INFOPLIST_KEY_WKWatchOnly = YES;
				LD_RUNPATH_SEARCH_PATHS = (
					"$(inherited)",
					"@executable_path/Frameworks",
					"@executable_path/../../Frameworks",
				);
				MARKETING_VERSION = 1.0;
				PRODUCT_BUNDLE_IDENTIFIER = SwiftUITutorial.Notes.watchkitapp.watchkitextension;
				PRODUCT_NAME = "${TARGET_NAME}";
				SDKROOT = watchos;
				SKIP_INSTALL = YES;
				SWIFT_EMIT_LOC_STRINGS = YES;
				SWIFT_VERSION = 5.0;
				TARGETED_DEVICE_FAMILY = 4;
				WATCHOS_DEPLOYMENT_TARGET = 8.3;
			};
			name = Debug;
		};
		48C17C0C27B6EC47009B7B15 /* Release */ = {
			isa = XCBuildConfiguration;
			buildSettings = {
				ASSETCATALOG_COMPILER_COMPLICATION_NAME = Complication;
				CODE_SIGN_STYLE = Automatic;
				CURRENT_PROJECT_VERSION = 1;
				DEVELOPMENT_ASSET_PATHS = "\"Notes WatchKit Extension/Preview Content\"";
				DEVELOPMENT_TEAM = ZBF43T73Y4;
				ENABLE_PREVIEWS = YES;
				GENERATE_INFOPLIST_FILE = YES;
				INFOPLIST_FILE = "Notes WatchKit Extension/Info.plist";
				INFOPLIST_KEY_CFBundleDisplayName = "Notes WatchKit Extension";
				INFOPLIST_KEY_CLKComplicationPrincipalClass = "$(PRODUCT_MODULE_NAME).ComplicationController";
				INFOPLIST_KEY_NSHumanReadableCopyright = "";
				INFOPLIST_KEY_WKWatchOnly = YES;
				LD_RUNPATH_SEARCH_PATHS = (
					"$(inherited)",
					"@executable_path/Frameworks",
					"@executable_path/../../Frameworks",
				);
				MARKETING_VERSION = 1.0;
				PRODUCT_BUNDLE_IDENTIFIER = SwiftUITutorial.Notes.watchkitapp.watchkitextension;
				PRODUCT_NAME = "${TARGET_NAME}";
				SDKROOT = watchos;
				SKIP_INSTALL = YES;
				SWIFT_EMIT_LOC_STRINGS = YES;
				SWIFT_VERSION = 5.0;
				TARGETED_DEVICE_FAMILY = 4;
				WATCHOS_DEPLOYMENT_TARGET = 8.3;
			};
			name = Release;
		};
		48C17C0F27B6EC47009B7B15 /* Debug */ = {
			isa = XCBuildConfiguration;
			buildSettings = {
				ALWAYS_EMBED_SWIFT_STANDARD_LIBRARIES = YES;
				ASSETCATALOG_COMPILER_APPICON_NAME = AppIcon;
				ASSETCATALOG_COMPILER_GLOBAL_ACCENT_COLOR_NAME = AccentColor;
				CODE_SIGN_STYLE = Automatic;
				CURRENT_PROJECT_VERSION = 1;
				DEVELOPMENT_TEAM = ZBF43T73Y4;
				GENERATE_INFOPLIST_FILE = YES;
				IBSC_MODULE = Notes_WatchKit_Extension;
				INFOPLIST_KEY_CFBundleDisplayName = "Notes WatchKit App";
				INFOPLIST_KEY_UISupportedInterfaceOrientations = "UIInterfaceOrientationPortrait UIInterfaceOrientationPortraitUpsideDown";
				MARKETING_VERSION = 1.0;
				PRODUCT_BUNDLE_IDENTIFIER = SwiftUITutorial.Notes.watchkitapp;
				PRODUCT_NAME = "$(TARGET_NAME)";
				SDKROOT = watchos;
				SKIP_INSTALL = YES;
				SWIFT_EMIT_LOC_STRINGS = YES;
				SWIFT_VERSION = 5.0;
				TARGETED_DEVICE_FAMILY = 4;
				WATCHOS_DEPLOYMENT_TARGET = 8.3;
			};
			name = Debug;
		};
		48C17C1027B6EC47009B7B15 /* Release */ = {
			isa = XCBuildConfiguration;
			buildSettings = {
				ALWAYS_EMBED_SWIFT_STANDARD_LIBRARIES = YES;
				ASSETCATALOG_COMPILER_APPICON_NAME = AppIcon;
				ASSETCATALOG_COMPILER_GLOBAL_ACCENT_COLOR_NAME = AccentColor;
				CODE_SIGN_STYLE = Automatic;
				CURRENT_PROJECT_VERSION = 1;
				DEVELOPMENT_TEAM = ZBF43T73Y4;
				GENERATE_INFOPLIST_FILE = YES;
				IBSC_MODULE = Notes_WatchKit_Extension;
				INFOPLIST_KEY_CFBundleDisplayName = "Notes WatchKit App";
				INFOPLIST_KEY_UISupportedInterfaceOrientations = "UIInterfaceOrientationPortrait UIInterfaceOrientationPortraitUpsideDown";
				MARKETING_VERSION = 1.0;
				PRODUCT_BUNDLE_IDENTIFIER = SwiftUITutorial.Notes.watchkitapp;
				PRODUCT_NAME = "$(TARGET_NAME)";
				SDKROOT = watchos;
				SKIP_INSTALL = YES;
				SWIFT_EMIT_LOC_STRINGS = YES;
				SWIFT_VERSION = 5.0;
				TARGETED_DEVICE_FAMILY = 4;
				WATCHOS_DEPLOYMENT_TARGET = 8.3;
			};
			name = Release;
		};
		48C17C1327B6EC47009B7B15 /* Debug */ = {
			isa = XCBuildConfiguration;
			buildSettings = {
				CODE_SIGN_STYLE = Automatic;
				CURRENT_PROJECT_VERSION = 1;
				DEVELOPMENT_TEAM = ZBF43T73Y4;
				MARKETING_VERSION = 1.0;
				PRODUCT_BUNDLE_IDENTIFIER = SwiftUITutorial.Notes;
				PRODUCT_NAME = "$(TARGET_NAME)";
				SWIFT_VERSION = 5.0;
			};
			name = Debug;
		};
		48C17C1427B6EC47009B7B15 /* Release */ = {
			isa = XCBuildConfiguration;
			buildSettings = {
				CODE_SIGN_STYLE = Automatic;
				CURRENT_PROJECT_VERSION = 1;
				DEVELOPMENT_TEAM = ZBF43T73Y4;
				MARKETING_VERSION = 1.0;
				PRODUCT_BUNDLE_IDENTIFIER = SwiftUITutorial.Notes;
				PRODUCT_NAME = "$(TARGET_NAME)";
				SWIFT_VERSION = 5.0;
			};
			name = Release;
		};
/* End XCBuildConfiguration section */

/* Begin XCConfigurationList section */
		48C17BE527B6EC43009B7B15 /* Build configuration list for PBXProject "Notes" */ = {
			isa = XCConfigurationList;
			buildConfigurations = (
				48C17C0827B6EC47009B7B15 /* Debug */,
				48C17C0927B6EC47009B7B15 /* Release */,
			);
			defaultConfigurationIsVisible = 0;
			defaultConfigurationName = Release;
		};
		48C17C0A27B6EC47009B7B15 /* Build configuration list for PBXNativeTarget "Notes WatchKit Extension" */ = {
			isa = XCConfigurationList;
			buildConfigurations = (
				48C17C0B27B6EC47009B7B15 /* Debug */,
				48C17C0C27B6EC47009B7B15 /* Release */,
			);
			defaultConfigurationIsVisible = 0;
			defaultConfigurationName = Release;
		};
		48C17C0E27B6EC47009B7B15 /* Build configuration list for PBXNativeTarget "Notes WatchKit App" */ = {
			isa = XCConfigurationList;
			buildConfigurations = (
				48C17C0F27B6EC47009B7B15 /* Debug */,
				48C17C1027B6EC47009B7B15 /* Release */,
			);
			defaultConfigurationIsVisible = 0;
			defaultConfigurationName = Release;
		};
		48C17C1227B6EC47009B7B15 /* Build configuration list for PBXNativeTarget "Notes" */ = {
			isa = XCConfigurationList;
			buildConfigurations = (
				48C17C1327B6EC47009B7B15 /* Debug */,
				48C17C1427B6EC47009B7B15 /* Release */,
			);
			defaultConfigurationIsVisible = 0;
			defaultConfigurationName = Release;
		};
/* End XCConfigurationList section */
	};
	rootObject = 48C17BE227B6EC43009B7B15 /* Project object */;
}
